
Microsoft Visual Studio Solution File, Format Version 12.00
# Visual Studio 15
VisualStudioVersion = 15.0.27703.2000
MinimumVisualStudioVersion = 10.0.40219.1
Project("{FAE04EC0-301F-11D3-BF4B-00C04F79EFBC}") = "S.NET.Test", "S.NET.Test\S.NET.Test.csproj", "{BC96DF22-14BD-4BE3-94AC-16A73F786484}"
EndProject
Project("{FAE04EC0-301F-11D3-BF4B-00C04F79EFBC}") = "S.NET", "S.NET\S.NET.csproj", "{7BB8DC92-C08D-4A71-9F46-75066A6FCD6D}"
EndProject
Global
	GlobalSection(SolutionConfigurationPlatforms) = preSolution
		Debug|Any CPU = Debug|Any CPU
		Release|Any CPU = Release|Any CPU
	EndGlobalSection
	GlobalSection(ProjectConfigurationPlatforms) = postSolution
		{BC96DF22-14BD-4BE3-94AC-16A73F786484}.Debug|Any CPU.ActiveCfg = Debug|Any CPU
		{BC96DF22-14BD-4BE3-94AC-16A73F786484}.Debug|Any CPU.Build.0 = Debug|Any CPU
		{BC96DF22-14BD-4BE3-94AC-16A73F786484}.Release|Any CPU.ActiveCfg = Release|Any CPU
		{BC96DF22-14BD-4BE3-94AC-16A73F786484}.Release|Any CPU.Build.0 = Release|Any CPU
		{7BB8DC92-C08D-4A71-9F46-75066A6FCD6D}.Debug|Any CPU.ActiveCfg = Debug|Any CPU
		{7BB8DC92-C08D-4A71-9F46-75066A6FCD6D}.Debug|Any CPU.Build.0 = Debug|Any CPU
		{7BB8DC92-C08D-4A71-9F46-75066A6FCD6D}.Release|Any CPU.ActiveCfg = Release|Any CPU
		{7BB8DC92-C08D-4A71-9F46-75066A6FCD6D}.Release|Any CPU.Build.0 = Release|Any CPU
	EndGlobalSection
	GlobalSection(SolutionProperties) = preSolution
		HideSolutionNode = FALSE
	EndGlobalSection
	GlobalSection(ExtensibilityGlobals) = postSolution
		SolutionGuid = {2B763132-03D8-4D85-B604-7712A9419093}
	EndGlobalSection
EndGlobal
